github.com/go-ini/ini v1.41.0 h1:526aoxDtxRHFQKMZfcX2OG9oOI8TJ5yPLM0Mkno/uTY=
github.com/go-ini/ini v1.41.0/go.mod h1:ByCAeIL28uOIIG0E3PJtZPDL8WnHpFKFOtgjp+3Ies8=
github.com/gorilla/websocket v1.4.0 h1:WDFjx/TMzVgy9VdMMQi2K2Emtwi2QcUQsztZ/zLaH/Q=
github.com/gorilla/websocket v1.4.0/go.mod h1:E7qHFY5m1UJ88s3WnNqhKjPHQ0heANvMoAMk2YaljkQ=
github.com/tidwall/gjson v1.1.5 h1:QysILxBeUEY3GTLA0fQVgkQG1zme8NxGvhh2SSqWNwI=
github.com/tidwall/gjson v1.1.5/go.mod h1:c/nTNbUr0E0OrXEhq1pwa8iEgc2DOt4ZZqAt1HtCkPA=
github.com/tidwall/match v1.0.1 h1:PnKP62LPNxHKTwvHHZZzdOAOCtsJTjo6dZLCwpKm5xc=
github.com/tidwall/match v1.0.1/go.mod h1:LujAq0jyVjBy028G1WhWfIzbpQfMO8bBZ6Tyb0+pL9E=
